{
  "version": 4,
  "terraform_version": "1.14.3",
  "serial": 44,
  "lineage": "16308294-5858-ee44-15c7-f5daf5e98fba",
  "outputs": {
    "master_public_ip": {
      "value": "44.197.179.219",
      "type": "string"
    },
    "ssh_private_key_pem": {
      "value": "-----BEGIN RSA PRIVATE KEY-----\nMIIJKQIBAAKCAgEAtpF3PmuMYHWesfG2l8Q+DmpmG+jSQTNnVNc1gqnHMEE7O1SK\ncBGT7we3IjHcYmZBkBdRqxSWOc1/4vIniPQEHBVOHR7qFVYfZ0sJQw2frKmDR837\nC3eA3EUQ2gUeDcwA1Zosq/DyTtSbYzmiVY3D9l3yG2LKEqVeocwJU+f6GkKeLUjb\nSgK9HYKIIm5ZD5xjNwFbldpYmp1HAK90PQ4VH5JMtwDU1Hi/laZRN1g+bHZIVZXi\noBDFqjR5kxKDLswAVuIV1A6ddfZMuKBXjoFOTu/cexebRvFOZEhBAbGWFNAbOLs7\ndeCqYif5vhL5MjlF8PLFD0Qso+OO0X8sxzTDPe8NgFmngSPBOdUwJXhSj0weE+HS\nvObrQIHCcjlTjfQoZQE9xFCCGCJJ2qi7uzOSdgvEK2ANU0p3xXFxueQRaPB8oHb9\nRK0rWOXwzAWKatpyEGkwdgEYlyMTR8ZDYFdJrArYQ4L/VDQEKGr5VyaZ2JEXO6DU\nigbEH+6Z9JfQMJ0O1n56p/Yus60Ir5LafWuOkqYx6SHx1X5bUx24b5RPkloKINjl\nEsredHXEJBi9dNcWcxn4opX91ymkz9qTxIyENNgYhTTuQo8zYRC7WVM5IfGQq6wg\nZUqtNPa97/Qioe6JoJIag44P9jgd1mcft4N6A+w5Jsf/2OKMLUoZvg2LLB0CAwEA\nAQKCAgAxUYqM6jC5vgxotYtF5FV/P27mCzcBNgmr+ZcS/Ro6BuUhWe0r6RO1drga\nHK4URttfOW1ucdlDNChf/lp/vKt/iqHXbAqASQuis7qEyqFf20sDkrlGl7nPxziO\nLOO5hmqTSVrX9/b9JKH1ZBReWDWf0DEfBMjh0JqHyr6aVAhUH7rrMMtMawD7f8+W\nvYiBlxWWPl+nU5yr5+DOZpdYBv3d0X+30BmubBAVNSCresMiObHArQTTiLRdDl/p\nQw79DU7qKZkL+AbBXw/KsEX20Sd+W32MIwxnVbh/jqVA9+A7LxyrbqjZZx+f9Hya\nxDVdQ+uI84wYW6pTe52RKnHGPpKfK61rzHtP+3WmbeUT9TsKWoFvWWB9l8xTdlPm\nLIcyvNjQ0IVXppl7DhKmLH7aQd7ynuUaPh5Ex/8kBJ4W3CvcCsCz/GhS08oAxnto\njF2w0zayLXzBoThww724V++0h7DVLjWXzf1T2a0p12ntDDMJExPowgPFwQiyQ05y\nLYd7JLpJCRzIe9k9FsbpYYzTnr8j/W7ydUrNkltfwKGhXG7EWxahn+im7327UVr1\n5Xlvq65qR1hKtPMFP0r0acC6jcWacrXeqNuD1kJMr7JgtNMxx7HkVMryWDHQmfOP\nGqIwPEiQ+v+fmEGasiaFkOGZWaWMCh6RTGZ1iz1ovAZC/v91YQKCAQEA2peclA2l\ncLE2QshbyZSFnqn8irZHy2UMRAj1N1MhHyIhkohkdGL7Nekg1+UIfYTnw6BKw72X\nYYtGsZPVV7Az/dYolIXG6MODjQdd3fNx3XkIEZKwY4cOqMb0DEgK6u/v2l7iMcf3\nwEMbA1Nrxgqmxhz4MAb7EAoVqMF38YGY4qceqj5UmWrch+VYxzwkcMWdQqZjgZJp\nvEDsM91G3USHwKk2XTJl2OGtyTWDHFbpawXN/cS+m58V45tgauFc86PIkIN9MwBP\nEQsQHCkZ/3ObFSkxog0OKGn+5AFSGrCE9JkRH/1coLecN3+uuNP+F54/UumOlbWf\nqZ4cDkwmtjub/wKCAQEA1c+qQFm09uKj2mxjY1VadS2dfQ55nWe7qgKmEWzT9dOD\nf/iyoTlZMvnTKX4a7a159Atz0yLshUQ8/SWQao/So82zu6bQxBq5dh5PYxMjUGKS\nDoWbiYahZ3bWmDPWLxQGeEV38FFc0EiUGyEN4IAUb/siJ6CtjKul65rdpdH+2pn0\noKyDIQyW8UFp4DxKswX/gKdnBo7O7+YViFFa8rtxLjcz9g32v0CGI0URMHdcCPRy\n0lyUi7J5v/XyjKiCdOXbU/SQLm9USpdTlk44vrggyhLbOsmMiFkQMPwcFR40ImqG\n1XltYMbIicv36eITfTn3Ckrq+v+U7p7iemaIzhQn4wKCAQB6kOY30csA/CyLl6J3\nzfJ6O6Ah+wEYl8kf4NH2OoNo3I9shVOmOtXWrag/xelT0BDQDPG+/XCDPj/eVCEc\nsO0GGG3akYQtgWsiyY2lZNpkr3eJuvFybQkYM64lsMOGZhDcJbW46gIN6NKds8nL\nWq+WiCnVbCScIrtwS0LAxMT/2WsFVDvFZjjPbhawaBWasgNymq9SuNDWwKRwlFMm\nwEVKDtcvvJGE4U27c2jXnBf3bWLKNuYVhkcUv0t5wnGHHz/XYBL0ZOjwin52+8jb\nBmxfmiB9V8qneH92QxNRacazC5yhjkPAzhMmv04tzpg7j/y7tb/AS/2BcukSTzqp\nlZTrAoIBAQDCo0UNR5yhkzguQrVHXA/41AmmKmMzk5cW8UpUWomqI152ROP4OMim\nyx4bi5zf+SgnrbVG42gE+VW77VJGb58FVuDjVrx9iQaELJuASY/AQbtMVPx+eXy9\nP0WjUK0ONmCdZEAHGUowoaGSAMktMeto9WjmQjM695cXn+deaIhkX/p9ug21LEzM\nWwwTAU/PIQqzB7GWGrLvWLkJW2Y7yb8Cn2ZB+/w/pnF18g3v3Ph/fmh4b6cadOK4\niSDAQzZfTFAZYW1PmDFXpeKF1bd6hwvyaLACGDBCfzFqJlc6MkCrg+Yyt1OG4e70\n4iVRWGj9eqMVT5YR4FCn2SO64VRwpZCZAoIBAQDTpAdR/tzp3opJH1HPIEvK6d65\np9jD934ul1SssF7dqefuLrb9rSQIb3/rjb2eYGdOmNLOzfs11VZCs3Vs0CC3v35e\ngdD0yBUD+OuxqrerS6xD68g3vKXFnKiX/jpJ5Hg5c37T/J4QL/dpCO4xMN3+VKws\nMQrOUuhlay27Rst/JhT4Dw7z8EUl9Huq1MdMuFw+3k4KhdBCOTvv5Z+O+lltwlc5\ni8ywgbm6Lkn2PtpeBNoS8Q3yempyAxBgSOw/83l2OkIraZLL8goKkiPg9mm8mlhQ\nLBugxR3uRZu5Pv0tAbircfjtrxbViWB3dDL/gatlTXGA9QU3ZLnxVC+PGHAF\n-----END RSA PRIVATE KEY-----\n",
      "type": "string",
      "sensitive": true
    },
    "vpc_id": {
      "value": "vpc-071aaaced8bf11b1f",
      "type": "string"
    },
    "worker_public_ips": {
      "value": [
        "44.205.23.222",
        "44.198.50.120"
      ],
      "type": [
        "tuple",
        [
          "string",
          "string"
        ]
      ]
    }
  },
  "resources": [
    {
      "mode": "data",
      "type": "aws_ami",
      "name": "ubuntu",
      "provider": "provider[\"registry.terraform.io/hashicorp/aws\"]",
      "instances": [
        {
          "schema_version": 0,
          "attributes": {
            "architecture": "x86_64",
            "arn": "arn:aws:ec2:us-east-1::image/ami-0030e4319cbf4dbf2",
            "block_device_mappings": [
              {
                "device_name": "/dev/sda1",
                "ebs": {
                  "delete_on_termination": "true",
                  "encrypted": "false",
                  "iops": "0",
                  "snapshot_id": "snap-010008dab571f972a",
                  "throughput": "0",
                  "volume_initialization_rate": "0",
                  "volume_size": "8",
                  "volume_type": "gp2"
                },
                "no_device": "",
                "virtual_name": ""
              },
              {
                "device_name": "/dev/sdb",
                "ebs": {},
                "no_device": "",
                "virtual_name": "ephemeral0"
              },
              {
                "device_name": "/dev/sdc",
                "ebs": {},
                "no_device": "",
                "virtual_name": "ephemeral1"
              }
            ],
            "boot_mode": "uefi-preferred",
            "creation_date": "2025-12-12T06:54:36.000Z",
            "deprecation_time": "2027-12-12T06:54:36.000Z",
            "description": "Canonical, Ubuntu, 22.04, amd64 jammy image",
            "ena_support": true,
            "executable_users": null,
            "filter": [
              {
                "name": "name",
                "values": [
                  "ubuntu/images/hvm-ssd/ubuntu-jammy-22.04-amd64-server-*"
                ]
              },
              {
                "name": "virtualization-type",
                "values": [
                  "hvm"
                ]
              }
            ],
            "hypervisor": "xen",
            "id": "ami-0030e4319cbf4dbf2",
            "image_id": "ami-0030e4319cbf4dbf2",
            "image_location": "amazon/ubuntu/images/hvm-ssd/ubuntu-jammy-22.04-amd64-server-20251212",
            "image_owner_alias": "amazon",
            "image_type": "machine",
            "imds_support": "",
            "include_deprecated": false,
            "kernel_id": "",
            "last_launched_time": "",
            "most_recent": true,
            "name": "ubuntu/images/hvm-ssd/ubuntu-jammy-22.04-amd64-server-20251212",
            "name_regex": null,
            "owner_id": "099720109477",
            "owners": [
              "099720109477"
            ],
            "platform": "",
            "platform_details": "Linux/UNIX",
            "product_codes": [],
            "public": true,
            "ramdisk_id": "",
            "root_device_name": "/dev/sda1",
            "root_device_type": "ebs",
            "root_snapshot_id": "snap-010008dab571f972a",
            "sriov_net_support": "simple",
            "state": "available",
            "state_reason": {
              "code": "UNSET",
              "message": "UNSET"
            },
            "tags": {},
            "timeouts": null,
            "tpm_support": "",
            "uefi_data": null,
            "usage_operation": "RunInstances",
            "virtualization_type": "hvm"
          },
          "sensitive_attributes": [],
          "identity_schema_version": 0
        }
      ]
    },
    {
      "mode": "managed",
      "type": "aws_key_pair",
      "name": "deployer",
      "provider": "provider[\"registry.terraform.io/hashicorp/aws\"]",
      "instances": [
        {
          "schema_version": 1,
          "attributes": {
            "arn": "arn:aws:ec2:us-east-1:820772009901:key-pair/acme-prod-deployer",
            "fingerprint": "09:5f:8d:14:1c:30:1d:be:e0:8f:da:c0:95:2e:67:5d",
            "id": "acme-prod-deployer",
            "key_name": "acme-prod-deployer",
            "key_name_prefix": "",
            "key_pair_id": "key-011611941d1e9a342",
            "key_type": "rsa",
            "public_key": "ssh-rsa AAAAB3NzaC1yc2EAAAADAQABAAACAQC2kXc+a4xgdZ6x8baXxD4OamYb6NJBM2dU1zWCqccwQTs7VIpwEZPvB7ciMdxiZkGQF1GrFJY5zX/i8ieI9AQcFU4dHuoVVh9nSwlDDZ+sqYNHzfsLd4DcRRDaBR4NzADVmiyr8PJO1JtjOaJVjcP2XfIbYsoSpV6hzAlT5/oaQp4tSNtKAr0dgogiblkPnGM3AVuV2lianUcAr3Q9DhUfkky3ANTUeL+VplE3WD5sdkhVleKgEMWqNHmTEoMuzABW4hXUDp119ky4oFeOgU5O79x7F5tG8U5kSEEBsZYU0Bs4uzt14KpiJ/m+EvkyOUXw8sUPRCyj447RfyzHNMM97w2AWaeBI8E51TAleFKPTB4T4dK85utAgcJyOVON9ChlAT3EUIIYIknaqLu7M5J2C8QrYA1TSnfFcXG55BFo8Hygdv1ErStY5fDMBYpq2nIQaTB2ARiXIxNHxkNgV0msCthDgv9UNAQoavlXJpnYkRc7oNSKBsQf7pn0l9AwnQ7Wfnqn9i6zrQivktp9a46SpjHpIfHVfltTHbhvlE+SWgog2OUSyt50dcQkGL101xZzGfiilf3XKaTP2pPEjIQ02BiFNO5CjzNhELtZUzkh8ZCrrCBlSq009r3v9CKh7omgkhqDjg/2OB3WZx+3g3oD7Dkmx//Y4owtShm+DYssHQ==",
            "tags": null,
            "tags_all": {}
          },
          "sensitive_attributes": [],
          "identity_schema_version": 0,
          "private": "eyJzY2hlbWFfdmVyc2lvbiI6IjEifQ==",
          "dependencies": [
            "tls_private_key.ssh_key"
          ]
        }
      ]
    },
    {
      "mode": "managed",
      "type": "tls_private_key",
      "name": "ssh_key",
      "provider": "provider[\"registry.terraform.io/hashicorp/tls\"]",
      "instances": [
        {
          "schema_version": 1,
          "attributes": {
            "algorithm": "RSA",
            "ecdsa_curve": "P224",
            "id": "a1bc329aa89a58c3a1ac74074368c2bdaa5ee575",
            "private_key_openssh": "-----BEGIN OPENSSH PRIVATE KEY-----\nb3BlbnNzaC1rZXktdjEAAAAABG5vbmUAAAAEbm9uZQAAAAAAAAABAAACFwAAAAdz\nc2gtcnNhAAAAAwEAAQAAAgEAtpF3PmuMYHWesfG2l8Q+DmpmG+jSQTNnVNc1gqnH\nMEE7O1SKcBGT7we3IjHcYmZBkBdRqxSWOc1/4vIniPQEHBVOHR7qFVYfZ0sJQw2f\nrKmDR837C3eA3EUQ2gUeDcwA1Zosq/DyTtSbYzmiVY3D9l3yG2LKEqVeocwJU+f6\nGkKeLUjbSgK9HYKIIm5ZD5xjNwFbldpYmp1HAK90PQ4VH5JMtwDU1Hi/laZRN1g+\nbHZIVZXioBDFqjR5kxKDLswAVuIV1A6ddfZMuKBXjoFOTu/cexebRvFOZEhBAbGW\nFNAbOLs7deCqYif5vhL5MjlF8PLFD0Qso+OO0X8sxzTDPe8NgFmngSPBOdUwJXhS\nj0weE+HSvObrQIHCcjlTjfQoZQE9xFCCGCJJ2qi7uzOSdgvEK2ANU0p3xXFxueQR\naPB8oHb9RK0rWOXwzAWKatpyEGkwdgEYlyMTR8ZDYFdJrArYQ4L/VDQEKGr5VyaZ\n2JEXO6DUigbEH+6Z9JfQMJ0O1n56p/Yus60Ir5LafWuOkqYx6SHx1X5bUx24b5RP\nkloKINjlEsredHXEJBi9dNcWcxn4opX91ymkz9qTxIyENNgYhTTuQo8zYRC7WVM5\nIfGQq6wgZUqtNPa97/Qioe6JoJIag44P9jgd1mcft4N6A+w5Jsf/2OKMLUoZvg2L\nLB0AAAc42jWynNo1spwAAAAHc3NoLXJzYQAAAgEAtpF3PmuMYHWesfG2l8Q+Dmpm\nG+jSQTNnVNc1gqnHMEE7O1SKcBGT7we3IjHcYmZBkBdRqxSWOc1/4vIniPQEHBVO\nHR7qFVYfZ0sJQw2frKmDR837C3eA3EUQ2gUeDcwA1Zosq/DyTtSbYzmiVY3D9l3y\nG2LKEqVeocwJU+f6GkKeLUjbSgK9HYKIIm5ZD5xjNwFbldpYmp1HAK90PQ4VH5JM\ntwDU1Hi/laZRN1g+bHZIVZXioBDFqjR5kxKDLswAVuIV1A6ddfZMuKBXjoFOTu/c\nexebRvFOZEhBAbGWFNAbOLs7deCqYif5vhL5MjlF8PLFD0Qso+OO0X8sxzTDPe8N\ngFmngSPBOdUwJXhSj0weE+HSvObrQIHCcjlTjfQoZQE9xFCCGCJJ2qi7uzOSdgvE\nK2ANU0p3xXFxueQRaPB8oHb9RK0rWOXwzAWKatpyEGkwdgEYlyMTR8ZDYFdJrArY\nQ4L/VDQEKGr5VyaZ2JEXO6DUigbEH+6Z9JfQMJ0O1n56p/Yus60Ir5LafWuOkqYx\n6SHx1X5bUx24b5RPkloKINjlEsredHXEJBi9dNcWcxn4opX91ymkz9qTxIyENNgY\nhTTuQo8zYRC7WVM5IfGQq6wgZUqtNPa97/Qioe6JoJIag44P9jgd1mcft4N6A+w5\nJsf/2OKMLUoZvg2LLB0AAAADAQABAAACADFRiozqMLm+DGi1i0XkVX8/buYLNwE2\nCav5lxL9GjoG5SFZ7SvpE7V2uBocrhRG2185bW5x2UM0KF/+Wn+8q3+KoddsCoBJ\nC6KzuoTKoV/bSwOSuUaXuc/HOI4s47mGapNJWtf39v0kofVkFF5YNZ/QMR8EyOHQ\nmofKvppUCFQfuuswy0xrAPt/z5a9iIGXFZY+X6dTnKvn4M5ml1gG/d3Rf7fQGa5s\nEBU1IKt6wyI5scCtBNOItF0OX+lDDv0NTuopmQv4BsFfD8qwRfbRJ35bfYwjDGdV\nuH+OpUD34DsvHKtuqNlnH5/0fJrENV1D64jzjBhbqlN7nZEqccY+kp8rrWvMe0/7\ndaZt5RP1OwpagW9ZYH2XzFN2U+YshzK82NDQhVemmXsOEqYsftpB3vKe5Ro+HkTH\n/yQEnhbcK9wKwLP8aFLTygDGe2iMXbDTNrItfMGhOHDDvbhX77SHsNUuNZfN/VPZ\nrSnXae0MMwkTE+jCA8XBCLJDTnIth3skukkJHMh72T0WxulhjNOevyP9bvJ1Ss2S\nW1/AoaFcbsRbFqGf6KbvfbtRWvXleW+rrmpHWEq08wU/SvRpwLqNxZpytd6o24PW\nQkyvsmC00zHHseRUyvJYMdCZ848aojA8SJD6/5+YQZqyJoWQ4ZlZpYwKHpFMZnWL\nPWi8BkL+/3VhAAABAQDTpAdR/tzp3opJH1HPIEvK6d65p9jD934ul1SssF7dqefu\nLrb9rSQIb3/rjb2eYGdOmNLOzfs11VZCs3Vs0CC3v35egdD0yBUD+OuxqrerS6xD\n68g3vKXFnKiX/jpJ5Hg5c37T/J4QL/dpCO4xMN3+VKwsMQrOUuhlay27Rst/JhT4\nDw7z8EUl9Huq1MdMuFw+3k4KhdBCOTvv5Z+O+lltwlc5i8ywgbm6Lkn2PtpeBNoS\n8Q3yempyAxBgSOw/83l2OkIraZLL8goKkiPg9mm8mlhQLBugxR3uRZu5Pv0tAbir\ncfjtrxbViWB3dDL/gatlTXGA9QU3ZLnxVC+PGHAFAAABAQDal5yUDaVwsTZCyFvJ\nlIWeqfyKtkfLZQxECPU3UyEfIiGSiGR0Yvs16SDX5Qh9hOfDoErDvZdhi0axk9VX\nsDP91iiUhcbow4ONB13d83HdeQgRkrBjhw6oxvQMSArq7+/aXuIxx/fAQxsDU2vG\nCqbGHPgwBvsQChWowXfxgZjipx6qPlSZatyH5VjHPCRwxZ1CpmOBkmm8QOwz3Ubd\nRIfAqTZdMmXY4a3JNYMcVulrBc39xL6bnxXjm2Bq4Vzzo8iQg30zAE8RCxAcKRn/\nc5sVKTGiDQ4oaf7kAVIasIT0mREf/Vygt5w3f6640/4Xnj9S6Y6VtZ+pnhwOTCa2\nO5v/AAABAQDVz6pAWbT24qPabGNjVVp1LZ19DnmdZ7uqAqYRbNP104N/+LKhOVky\n+dMpfhrtrXn0C3PTIuyFRDz9JZBqj9KjzbO7ptDEGrl2Hk9jEyNQYpIOhZuJhqFn\ndtaYM9YvFAZ4RXfwUVzQSJQbIQ3ggBRv+yInoK2Mq6Xrmt2l0f7amfSgrIMhDJbx\nQWngPEqzBf+Ap2cGjs7v5hWIUVryu3EuNzP2Dfa/QIYjRREwd1wI9HLSXJSLsnm/\n9fKMqIJ05dtT9JAub1RKl1OWTji+uCDKEts6yYyIWRAw/BwVHjQiaobVeW1gxsiJ\ny/fp4hN9OfcKSur6/5TunuJ6ZojOFCfjAAAAAAEC\n-----END OPENSSH PRIVATE KEY-----\n",
            "private_key_pem": "-----BEGIN RSA PRIVATE KEY-----\nMIIJKQIBAAKCAgEAtpF3PmuMYHWesfG2l8Q+DmpmG+jSQTNnVNc1gqnHMEE7O1SK\ncBGT7we3IjHcYmZBkBdRqxSWOc1/4vIniPQEHBVOHR7qFVYfZ0sJQw2frKmDR837\nC3eA3EUQ2gUeDcwA1Zosq/DyTtSbYzmiVY3D9l3yG2LKEqVeocwJU+f6GkKeLUjb\nSgK9HYKIIm5ZD5xjNwFbldpYmp1HAK90PQ4VH5JMtwDU1Hi/laZRN1g+bHZIVZXi\noBDFqjR5kxKDLswAVuIV1A6ddfZMuKBXjoFOTu/cexebRvFOZEhBAbGWFNAbOLs7\ndeCqYif5vhL5MjlF8PLFD0Qso+OO0X8sxzTDPe8NgFmngSPBOdUwJXhSj0weE+HS\nvObrQIHCcjlTjfQoZQE9xFCCGCJJ2qi7uzOSdgvEK2ANU0p3xXFxueQRaPB8oHb9\nRK0rWOXwzAWKatpyEGkwdgEYlyMTR8ZDYFdJrArYQ4L/VDQEKGr5VyaZ2JEXO6DU\nigbEH+6Z9JfQMJ0O1n56p/Yus60Ir5LafWuOkqYx6SHx1X5bUx24b5RPkloKINjl\nEsredHXEJBi9dNcWcxn4opX91ymkz9qTxIyENNgYhTTuQo8zYRC7WVM5IfGQq6wg\nZUqtNPa97/Qioe6JoJIag44P9jgd1mcft4N6A+w5Jsf/2OKMLUoZvg2LLB0CAwEA\nAQKCAgAxUYqM6jC5vgxotYtF5FV/P27mCzcBNgmr+ZcS/Ro6BuUhWe0r6RO1drga\nHK4URttfOW1ucdlDNChf/lp/vKt/iqHXbAqASQuis7qEyqFf20sDkrlGl7nPxziO\nLOO5hmqTSVrX9/b9JKH1ZBReWDWf0DEfBMjh0JqHyr6aVAhUH7rrMMtMawD7f8+W\nvYiBlxWWPl+nU5yr5+DOZpdYBv3d0X+30BmubBAVNSCresMiObHArQTTiLRdDl/p\nQw79DU7qKZkL+AbBXw/KsEX20Sd+W32MIwxnVbh/jqVA9+A7LxyrbqjZZx+f9Hya\nxDVdQ+uI84wYW6pTe52RKnHGPpKfK61rzHtP+3WmbeUT9TsKWoFvWWB9l8xTdlPm\nLIcyvNjQ0IVXppl7DhKmLH7aQd7ynuUaPh5Ex/8kBJ4W3CvcCsCz/GhS08oAxnto\njF2w0zayLXzBoThww724V++0h7DVLjWXzf1T2a0p12ntDDMJExPowgPFwQiyQ05y\nLYd7JLpJCRzIe9k9FsbpYYzTnr8j/W7ydUrNkltfwKGhXG7EWxahn+im7327UVr1\n5Xlvq65qR1hKtPMFP0r0acC6jcWacrXeqNuD1kJMr7JgtNMxx7HkVMryWDHQmfOP\nGqIwPEiQ+v+fmEGasiaFkOGZWaWMCh6RTGZ1iz1ovAZC/v91YQKCAQEA2peclA2l\ncLE2QshbyZSFnqn8irZHy2UMRAj1N1MhHyIhkohkdGL7Nekg1+UIfYTnw6BKw72X\nYYtGsZPVV7Az/dYolIXG6MODjQdd3fNx3XkIEZKwY4cOqMb0DEgK6u/v2l7iMcf3\nwEMbA1Nrxgqmxhz4MAb7EAoVqMF38YGY4qceqj5UmWrch+VYxzwkcMWdQqZjgZJp\nvEDsM91G3USHwKk2XTJl2OGtyTWDHFbpawXN/cS+m58V45tgauFc86PIkIN9MwBP\nEQsQHCkZ/3ObFSkxog0OKGn+5AFSGrCE9JkRH/1coLecN3+uuNP+F54/UumOlbWf\nqZ4cDkwmtjub/wKCAQEA1c+qQFm09uKj2mxjY1VadS2dfQ55nWe7qgKmEWzT9dOD\nf/iyoTlZMvnTKX4a7a159Atz0yLshUQ8/SWQao/So82zu6bQxBq5dh5PYxMjUGKS\nDoWbiYahZ3bWmDPWLxQGeEV38FFc0EiUGyEN4IAUb/siJ6CtjKul65rdpdH+2pn0\noKyDIQyW8UFp4DxKswX/gKdnBo7O7+YViFFa8rtxLjcz9g32v0CGI0URMHdcCPRy\n0lyUi7J5v/XyjKiCdOXbU/SQLm9USpdTlk44vrggyhLbOsmMiFkQMPwcFR40ImqG\n1XltYMbIicv36eITfTn3Ckrq+v+U7p7iemaIzhQn4wKCAQB6kOY30csA/CyLl6J3\nzfJ6O6Ah+wEYl8kf4NH2OoNo3I9shVOmOtXWrag/xelT0BDQDPG+/XCDPj/eVCEc\nsO0GGG3akYQtgWsiyY2lZNpkr3eJuvFybQkYM64lsMOGZhDcJbW46gIN6NKds8nL\nWq+WiCnVbCScIrtwS0LAxMT/2WsFVDvFZjjPbhawaBWasgNymq9SuNDWwKRwlFMm\nwEVKDtcvvJGE4U27c2jXnBf3bWLKNuYVhkcUv0t5wnGHHz/XYBL0ZOjwin52+8jb\nBmxfmiB9V8qneH92QxNRacazC5yhjkPAzhMmv04tzpg7j/y7tb/AS/2BcukSTzqp\nlZTrAoIBAQDCo0UNR5yhkzguQrVHXA/41AmmKmMzk5cW8UpUWomqI152ROP4OMim\nyx4bi5zf+SgnrbVG42gE+VW77VJGb58FVuDjVrx9iQaELJuASY/AQbtMVPx+eXy9\nP0WjUK0ONmCdZEAHGUowoaGSAMktMeto9WjmQjM695cXn+deaIhkX/p9ug21LEzM\nWwwTAU/PIQqzB7GWGrLvWLkJW2Y7yb8Cn2ZB+/w/pnF18g3v3Ph/fmh4b6cadOK4\niSDAQzZfTFAZYW1PmDFXpeKF1bd6hwvyaLACGDBCfzFqJlc6MkCrg+Yyt1OG4e70\n4iVRWGj9eqMVT5YR4FCn2SO64VRwpZCZAoIBAQDTpAdR/tzp3opJH1HPIEvK6d65\np9jD934ul1SssF7dqefuLrb9rSQIb3/rjb2eYGdOmNLOzfs11VZCs3Vs0CC3v35e\ngdD0yBUD+OuxqrerS6xD68g3vKXFnKiX/jpJ5Hg5c37T/J4QL/dpCO4xMN3+VKws\nMQrOUuhlay27Rst/JhT4Dw7z8EUl9Huq1MdMuFw+3k4KhdBCOTvv5Z+O+lltwlc5\ni8ywgbm6Lkn2PtpeBNoS8Q3yempyAxBgSOw/83l2OkIraZLL8goKkiPg9mm8mlhQ\nLBugxR3uRZu5Pv0tAbircfjtrxbViWB3dDL/gatlTXGA9QU3ZLnxVC+PGHAF\n-----END RSA PRIVATE KEY-----\n",
            "private_key_pem_pkcs8": "-----BEGIN PRIVATE KEY-----\nMIIJQwIBADANBgkqhkiG9w0BAQEFAASCCS0wggkpAgEAAoICAQC2kXc+a4xgdZ6x\n8baXxD4OamYb6NJBM2dU1zWCqccwQTs7VIpwEZPvB7ciMdxiZkGQF1GrFJY5zX/i\n8ieI9AQcFU4dHuoVVh9nSwlDDZ+sqYNHzfsLd4DcRRDaBR4NzADVmiyr8PJO1Jtj\nOaJVjcP2XfIbYsoSpV6hzAlT5/oaQp4tSNtKAr0dgogiblkPnGM3AVuV2lianUcA\nr3Q9DhUfkky3ANTUeL+VplE3WD5sdkhVleKgEMWqNHmTEoMuzABW4hXUDp119ky4\noFeOgU5O79x7F5tG8U5kSEEBsZYU0Bs4uzt14KpiJ/m+EvkyOUXw8sUPRCyj447R\nfyzHNMM97w2AWaeBI8E51TAleFKPTB4T4dK85utAgcJyOVON9ChlAT3EUIIYIkna\nqLu7M5J2C8QrYA1TSnfFcXG55BFo8Hygdv1ErStY5fDMBYpq2nIQaTB2ARiXIxNH\nxkNgV0msCthDgv9UNAQoavlXJpnYkRc7oNSKBsQf7pn0l9AwnQ7Wfnqn9i6zrQiv\nktp9a46SpjHpIfHVfltTHbhvlE+SWgog2OUSyt50dcQkGL101xZzGfiilf3XKaTP\n2pPEjIQ02BiFNO5CjzNhELtZUzkh8ZCrrCBlSq009r3v9CKh7omgkhqDjg/2OB3W\nZx+3g3oD7Dkmx//Y4owtShm+DYssHQIDAQABAoICADFRiozqMLm+DGi1i0XkVX8/\nbuYLNwE2Cav5lxL9GjoG5SFZ7SvpE7V2uBocrhRG2185bW5x2UM0KF/+Wn+8q3+K\noddsCoBJC6KzuoTKoV/bSwOSuUaXuc/HOI4s47mGapNJWtf39v0kofVkFF5YNZ/Q\nMR8EyOHQmofKvppUCFQfuuswy0xrAPt/z5a9iIGXFZY+X6dTnKvn4M5ml1gG/d3R\nf7fQGa5sEBU1IKt6wyI5scCtBNOItF0OX+lDDv0NTuopmQv4BsFfD8qwRfbRJ35b\nfYwjDGdVuH+OpUD34DsvHKtuqNlnH5/0fJrENV1D64jzjBhbqlN7nZEqccY+kp8r\nrWvMe0/7daZt5RP1OwpagW9ZYH2XzFN2U+YshzK82NDQhVemmXsOEqYsftpB3vKe\n5Ro+HkTH/yQEnhbcK9wKwLP8aFLTygDGe2iMXbDTNrItfMGhOHDDvbhX77SHsNUu\nNZfN/VPZrSnXae0MMwkTE+jCA8XBCLJDTnIth3skukkJHMh72T0WxulhjNOevyP9\nbvJ1Ss2SW1/AoaFcbsRbFqGf6KbvfbtRWvXleW+rrmpHWEq08wU/SvRpwLqNxZpy\ntd6o24PWQkyvsmC00zHHseRUyvJYMdCZ848aojA8SJD6/5+YQZqyJoWQ4ZlZpYwK\nHpFMZnWLPWi8BkL+/3VhAoIBAQDal5yUDaVwsTZCyFvJlIWeqfyKtkfLZQxECPU3\nUyEfIiGSiGR0Yvs16SDX5Qh9hOfDoErDvZdhi0axk9VXsDP91iiUhcbow4ONB13d\n83HdeQgRkrBjhw6oxvQMSArq7+/aXuIxx/fAQxsDU2vGCqbGHPgwBvsQChWowXfx\ngZjipx6qPlSZatyH5VjHPCRwxZ1CpmOBkmm8QOwz3UbdRIfAqTZdMmXY4a3JNYMc\nVulrBc39xL6bnxXjm2Bq4Vzzo8iQg30zAE8RCxAcKRn/c5sVKTGiDQ4oaf7kAVIa\nsIT0mREf/Vygt5w3f6640/4Xnj9S6Y6VtZ+pnhwOTCa2O5v/AoIBAQDVz6pAWbT2\n4qPabGNjVVp1LZ19DnmdZ7uqAqYRbNP104N/+LKhOVky+dMpfhrtrXn0C3PTIuyF\nRDz9JZBqj9KjzbO7ptDEGrl2Hk9jEyNQYpIOhZuJhqFndtaYM9YvFAZ4RXfwUVzQ\nSJQbIQ3ggBRv+yInoK2Mq6Xrmt2l0f7amfSgrIMhDJbxQWngPEqzBf+Ap2cGjs7v\n5hWIUVryu3EuNzP2Dfa/QIYjRREwd1wI9HLSXJSLsnm/9fKMqIJ05dtT9JAub1RK\nl1OWTji+uCDKEts6yYyIWRAw/BwVHjQiaobVeW1gxsiJy/fp4hN9OfcKSur6/5Tu\nnuJ6ZojOFCfjAoIBAHqQ5jfRywD8LIuXonfN8no7oCH7ARiXyR/g0fY6g2jcj2yF\nU6Y61datqD/F6VPQENAM8b79cIM+P95UIRyw7QYYbdqRhC2BayLJjaVk2mSvd4m6\n8XJtCRgzriWww4ZmENwltbjqAg3o0p2zyctar5aIKdVsJJwiu3BLQsDExP/ZawVU\nO8VmOM9uFrBoFZqyA3Kar1K40NbApHCUUybARUoO1y+8kYThTbtzaNecF/dtYso2\n5hWGRxS/S3nCcYcfP9dgEvRk6PCKfnb7yNsGbF+aIH1Xyqd4f3ZDE1FpxrMLnKGO\nQ8DOEya/Ti3OmDuP/Lu1v8BL/YFy6RJPOqmVlOsCggEBAMKjRQ1HnKGTOC5CtUdc\nD/jUCaYqYzOTlxbxSlRaiaojXnZE4/g4yKbLHhuLnN/5KCettUbjaAT5VbvtUkZv\nnwVW4ONWvH2JBoQsm4BJj8BBu0xU/H55fL0/RaNQrQ42YJ1kQAcZSjChoZIAyS0x\n62j1aOZCMzr3lxef515oiGRf+n26DbUsTMxbDBMBT88hCrMHsZYasu9YuQlbZjvJ\nvwKfZkH7/D+mcXXyDe/c+H9+aHhvpxp04riJIMBDNl9MUBlhbU+YMVel4oXVt3qH\nC/JosAIYMEJ/MWomVzoyQKuD5jK3U4bh7vTiJVFYaP16oxVPlhHgUKfZI7rhVHCl\nkJkCggEBANOkB1H+3OneikkfUc8gS8rp3rmn2MP3fi6XVKywXt2p5+4utv2tJAhv\nf+uNvZ5gZ06Y0s7N+zXVVkKzdWzQILe/fl6B0PTIFQP467Gqt6tLrEPryDe8pcWc\nqJf+OknkeDlzftP8nhAv92kI7jEw3f5UrCwxCs5S6GVrLbtGy38mFPgPDvPwRSX0\ne6rUx0y4XD7eTgqF0EI5O+/ln476WW3CVzmLzLCBubouSfY+2l4E2hLxDfJ6anID\nEGBI7D/zeXY6QitpksvyCgqSI+D2abyaWFAsG6DFHe5Fm7k+/S0BuKtx+O2vFtWJ\nYHd0Mv+Bq2VNcYD1BTdkufFUL48YcAU=\n-----END PRIVATE KEY-----\n",
            "public_key_fingerprint_md5": "67:aa:21:63:05:27:29:fb:ed:ee:4a:11:47:79:9b:82",
            "public_key_fingerprint_sha256": "SHA256:inDwxw8+10RENf9m9J3+2fyTKHfvt0838pwtpv9OiFc",
            "public_key_openssh": "ssh-rsa AAAAB3NzaC1yc2EAAAADAQABAAACAQC2kXc+a4xgdZ6x8baXxD4OamYb6NJBM2dU1zWCqccwQTs7VIpwEZPvB7ciMdxiZkGQF1GrFJY5zX/i8ieI9AQcFU4dHuoVVh9nSwlDDZ+sqYNHzfsLd4DcRRDaBR4NzADVmiyr8PJO1JtjOaJVjcP2XfIbYsoSpV6hzAlT5/oaQp4tSNtKAr0dgogiblkPnGM3AVuV2lianUcAr3Q9DhUfkky3ANTUeL+VplE3WD5sdkhVleKgEMWqNHmTEoMuzABW4hXUDp119ky4oFeOgU5O79x7F5tG8U5kSEEBsZYU0Bs4uzt14KpiJ/m+EvkyOUXw8sUPRCyj447RfyzHNMM97w2AWaeBI8E51TAleFKPTB4T4dK85utAgcJyOVON9ChlAT3EUIIYIknaqLu7M5J2C8QrYA1TSnfFcXG55BFo8Hygdv1ErStY5fDMBYpq2nIQaTB2ARiXIxNHxkNgV0msCthDgv9UNAQoavlXJpnYkRc7oNSKBsQf7pn0l9AwnQ7Wfnqn9i6zrQivktp9a46SpjHpIfHVfltTHbhvlE+SWgog2OUSyt50dcQkGL101xZzGfiilf3XKaTP2pPEjIQ02BiFNO5CjzNhELtZUzkh8ZCrrCBlSq009r3v9CKh7omgkhqDjg/2OB3WZx+3g3oD7Dkmx//Y4owtShm+DYssHQ==\n",
            "public_key_pem": "-----BEGIN PUBLIC KEY-----\nMIICIjANBgkqhkiG9w0BAQEFAAOCAg8AMIICCgKCAgEAtpF3PmuMYHWesfG2l8Q+\nDmpmG+jSQTNnVNc1gqnHMEE7O1SKcBGT7we3IjHcYmZBkBdRqxSWOc1/4vIniPQE\nHBVOHR7qFVYfZ0sJQw2frKmDR837C3eA3EUQ2gUeDcwA1Zosq/DyTtSbYzmiVY3D\n9l3yG2LKEqVeocwJU+f6GkKeLUjbSgK9HYKIIm5ZD5xjNwFbldpYmp1HAK90PQ4V\nH5JMtwDU1Hi/laZRN1g+bHZIVZXioBDFqjR5kxKDLswAVuIV1A6ddfZMuKBXjoFO\nTu/cexebRvFOZEhBAbGWFNAbOLs7deCqYif5vhL5MjlF8PLFD0Qso+OO0X8sxzTD\nPe8NgFmngSPBOdUwJXhSj0weE+HSvObrQIHCcjlTjfQoZQE9xFCCGCJJ2qi7uzOS\ndgvEK2ANU0p3xXFxueQRaPB8oHb9RK0rWOXwzAWKatpyEGkwdgEYlyMTR8ZDYFdJ\nrArYQ4L/VDQEKGr5VyaZ2JEXO6DUigbEH+6Z9JfQMJ0O1n56p/Yus60Ir5LafWuO\nkqYx6SHx1X5bUx24b5RPkloKINjlEsredHXEJBi9dNcWcxn4opX91ymkz9qTxIyE\nNNgYhTTuQo8zYRC7WVM5IfGQq6wgZUqtNPa97/Qioe6JoJIag44P9jgd1mcft4N6\nA+w5Jsf/2OKMLUoZvg2LLB0CAwEAAQ==\n-----END PUBLIC KEY-----\n",
            "rsa_bits": 4096
          },
          "sensitive_attributes": [
            [
              {
                "type": "get_attr",
                "value": "private_key_openssh"
              }
            ],
            [
              {
                "type": "get_attr",
                "value": "private_key_pem"
              }
            ],
            [
              {
                "type": "get_attr",
                "value": "private_key_pem_pkcs8"
              }
            ]
          ],
          "identity_schema_version": 0
        }
      ]
    },
    {
      "module": "module.compute",
      "mode": "managed",
      "type": "aws_instance",
      "name": "master",
      "provider": "provider[\"registry.terraform.io/hashicorp/aws\"]",
      "instances": [
        {
          "index_key": 0,
          "schema_version": 1,
          "attributes": {
            "ami": "ami-0030e4319cbf4dbf2",
            "arn": "arn:aws:ec2:us-east-1:820772009901:instance/i-04890693b43d7c6d6",
            "associate_public_ip_address": true,
            "availability_zone": "us-east-1a",
            "capacity_reservation_specification": [
              {
                "capacity_reservation_preference": "open",
                "capacity_reservation_target": []
              }
            ],
            "cpu_core_count": 1,
            "cpu_options": [
              {
                "amd_sev_snp": "",
                "core_count": 1,
                "threads_per_core": 2
              }
            ],
            "cpu_threads_per_core": 2,
            "credit_specification": [
              {
                "cpu_credits": "unlimited"
              }
            ],
            "disable_api_stop": false,
            "disable_api_termination": false,
            "ebs_block_device": [],
            "ebs_optimized": false,
            "enable_primary_ipv6": null,
            "enclave_options": [
              {
                "enabled": false
              }
            ],
            "ephemeral_block_device": [],
            "get_password_data": false,
            "hibernation": false,
            "host_id": "",
            "host_resource_group_arn": null,
            "iam_instance_profile": "",
            "id": "i-04890693b43d7c6d6",
            "instance_initiated_shutdown_behavior": "stop",
            "instance_lifecycle": "",
            "instance_market_options": [],
            "instance_state": "running",
            "instance_type": "t3.medium",
            "ipv6_address_count": 0,
            "ipv6_addresses": [],
            "key_name": "",
            "launch_template": [],
            "maintenance_options": [
              {
                "auto_recovery": "default"
              }
            ],
            "metadata_options": [
              {
                "http_endpoint": "enabled",
                "http_protocol_ipv6": "disabled",
                "http_put_response_hop_limit": 1,
                "http_tokens": "optional",
                "instance_metadata_tags": "disabled"
              }
            ],
            "monitoring": false,
            "network_interface": [],
            "outpost_arn": "",
            "password_data": "",
            "placement_group": "",
            "placement_partition_number": 0,
            "primary_network_interface_id": "eni-0a6819acabf01b61c",
            "private_dns": "ip-10-0-1-214.ec2.internal",
            "private_dns_name_options": [
              {
                "enable_resource_name_dns_a_record": false,
                "enable_resource_name_dns_aaaa_record": false,
                "hostname_type": "ip-name"
              }
            ],
            "private_ip": "10.0.1.214",
            "public_dns": "ec2-44-197-179-219.compute-1.amazonaws.com",
            "public_ip": "44.197.179.219",
            "root_block_device": [
              {
                "delete_on_termination": true,
                "device_name": "/dev/sda1",
                "encrypted": false,
                "iops": 100,
                "kms_key_id": "",
                "tags": {},
                "tags_all": {},
                "throughput": 0,
                "volume_id": "vol-0d8a154649aff8ebb",
                "volume_size": 8,
                "volume_type": "gp2"
              }
            ],
            "secondary_private_ips": [],
            "security_groups": [],
            "source_dest_check": true,
            "spot_instance_request_id": "",
            "subnet_id": "subnet-0329fe64ef14bb6f2",
            "tags": {
              "Name": "acme-prod-us-east-1-master-1",
              "Role": "master"
            },
            "tags_all": {
              "Name": "acme-prod-us-east-1-master-1",
              "Role": "master"
            },
            "tenancy": "default",
            "timeouts": null,
            "user_data": "672377471578f390cac9ccf7df5db1d24b6a3b8d",
            "user_data_base64": null,
            "user_data_replace_on_change": false,
            "volume_tags": null,
            "vpc_security_group_ids": [
              "sg-06fe20adb71963cd5"
            ]
          },
          "sensitive_attributes": [
            [
              {
                "type": "get_attr",
                "value": "user_data"
              }
            ]
          ],
          "identity_schema_version": 0,
          "private": "eyJlMmJmYjczMC1lY2FhLTExZTYtOGY4OC0zNDM2M2JjN2M0YzAiOnsiY3JlYXRlIjo2MDAwMDAwMDAwMDAsImRlbGV0ZSI6MTIwMDAwMDAwMDAwMCwicmVhZCI6OTAwMDAwMDAwMDAwLCJ1cGRhdGUiOjYwMDAwMDAwMDAwMH0sInNjaGVtYV92ZXJzaW9uIjoiMSJ9",
          "dependencies": [
            "data.aws_ami.ubuntu",
            "module.network.aws_security_group.web",
            "module.network.aws_subnet.public",
            "module.network.aws_vpc.this"
          ]
        }
      ]
    },
    {
      "module": "module.compute",
      "mode": "managed",
      "type": "aws_instance",
      "name": "worker",
      "provider": "provider[\"registry.terraform.io/hashicorp/aws\"]",
      "instances": [
        {
          "index_key": 0,
          "schema_version": 1,
          "attributes": {
            "ami": "ami-0030e4319cbf4dbf2",
            "arn": "arn:aws:ec2:us-east-1:820772009901:instance/i-0d51113412a5967a0",
            "associate_public_ip_address": true,
            "availability_zone": "us-east-1a",
            "capacity_reservation_specification": [
              {
                "capacity_reservation_preference": "open",
                "capacity_reservation_target": []
              }
            ],
            "cpu_core_count": 1,
            "cpu_options": [
              {
                "amd_sev_snp": "",
                "core_count": 1,
                "threads_per_core": 2
              }
            ],
            "cpu_threads_per_core": 2,
            "credit_specification": [
              {
                "cpu_credits": "unlimited"
              }
            ],
            "disable_api_stop": false,
            "disable_api_termination": false,
            "ebs_block_device": [],
            "ebs_optimized": false,
            "enable_primary_ipv6": null,
            "enclave_options": [
              {
                "enabled": false
              }
            ],
            "ephemeral_block_device": [],
            "get_password_data": false,
            "hibernation": false,
            "host_id": "",
            "host_resource_group_arn": null,
            "iam_instance_profile": "",
            "id": "i-0d51113412a5967a0",
            "instance_initiated_shutdown_behavior": "stop",
            "instance_lifecycle": "",
            "instance_market_options": [],
            "instance_state": "running",
            "instance_type": "t3.medium",
            "ipv6_address_count": 0,
            "ipv6_addresses": [],
            "key_name": "",
            "launch_template": [],
            "maintenance_options": [
              {
                "auto_recovery": "default"
              }
            ],
            "metadata_options": [
              {
                "http_endpoint": "enabled",
                "http_protocol_ipv6": "disabled",
                "http_put_response_hop_limit": 1,
                "http_tokens": "optional",
                "instance_metadata_tags": "disabled"
              }
            ],
            "monitoring": false,
            "network_interface": [],
            "outpost_arn": "",
            "password_data": "",
            "placement_group": "",
            "placement_partition_number": 0,
            "primary_network_interface_id": "eni-0ed25821381229168",
            "private_dns": "ip-10-0-1-80.ec2.internal",
            "private_dns_name_options": [
              {
                "enable_resource_name_dns_a_record": false,
                "enable_resource_name_dns_aaaa_record": false,
                "hostname_type": "ip-name"
              }
            ],
            "private_ip": "10.0.1.80",
            "public_dns": "ec2-44-205-23-222.compute-1.amazonaws.com",
            "public_ip": "44.205.23.222",
            "root_block_device": [
              {
                "delete_on_termination": true,
                "device_name": "/dev/sda1",
                "encrypted": false,
                "iops": 100,
                "kms_key_id": "",
                "tags": {},
                "tags_all": {},
                "throughput": 0,
                "volume_id": "vol-0d13a23d5dc5c9f0d",
                "volume_size": 8,
                "volume_type": "gp2"
              }
            ],
            "secondary_private_ips": [],
            "security_groups": [],
            "source_dest_check": true,
            "spot_instance_request_id": "",
            "subnet_id": "subnet-0329fe64ef14bb6f2",
            "tags": {
              "Name": "acme-prod-us-east-1-worker-1",
              "Role": "worker"
            },
            "tags_all": {
              "Name": "acme-prod-us-east-1-worker-1",
              "Role": "worker"
            },
            "tenancy": "default",
            "timeouts": null,
            "user_data": "672377471578f390cac9ccf7df5db1d24b6a3b8d",
            "user_data_base64": null,
            "user_data_replace_on_change": false,
            "volume_tags": null,
            "vpc_security_group_ids": [
              "sg-06fe20adb71963cd5"
            ]
          },
          "sensitive_attributes": [
            [
              {
                "type": "get_attr",
                "value": "user_data"
              }
            ]
          ],
          "identity_schema_version": 0,
          "private": "eyJlMmJmYjczMC1lY2FhLTExZTYtOGY4OC0zNDM2M2JjN2M0YzAiOnsiY3JlYXRlIjo2MDAwMDAwMDAwMDAsImRlbGV0ZSI6MTIwMDAwMDAwMDAwMCwicmVhZCI6OTAwMDAwMDAwMDAwLCJ1cGRhdGUiOjYwMDAwMDAwMDAwMH0sInNjaGVtYV92ZXJzaW9uIjoiMSJ9",
          "dependencies": [
            "data.aws_ami.ubuntu",
            "module.network.aws_security_group.web",
            "module.network.aws_subnet.public",
            "module.network.aws_vpc.this"
          ]
        },
        {
          "index_key": 1,
          "schema_version": 1,
          "attributes": {
            "ami": "ami-0030e4319cbf4dbf2",
            "arn": "arn:aws:ec2:us-east-1:820772009901:instance/i-0e7cd2b74ba83f9ab",
            "associate_public_ip_address": true,
            "availability_zone": "us-east-1a",
            "capacity_reservation_specification": [
              {
                "capacity_reservation_preference": "open",
                "capacity_reservation_target": []
              }
            ],
            "cpu_core_count": 1,
            "cpu_options": [
              {
                "amd_sev_snp": "",
                "core_count": 1,
                "threads_per_core": 2
              }
            ],
            "cpu_threads_per_core": 2,
            "credit_specification": [
              {
                "cpu_credits": "unlimited"
              }
            ],
            "disable_api_stop": false,
            "disable_api_termination": false,
            "ebs_block_device": [],
            "ebs_optimized": false,
            "enable_primary_ipv6": null,
            "enclave_options": [
              {
                "enabled": false
              }
            ],
            "ephemeral_block_device": [],
            "get_password_data": false,
            "hibernation": false,
            "host_id": "",
            "host_resource_group_arn": null,
            "iam_instance_profile": "",
            "id": "i-0e7cd2b74ba83f9ab",
            "instance_initiated_shutdown_behavior": "stop",
            "instance_lifecycle": "",
            "instance_market_options": [],
            "instance_state": "running",
            "instance_type": "t3.medium",
            "ipv6_address_count": 0,
            "ipv6_addresses": [],
            "key_name": "",
            "launch_template": [],
            "maintenance_options": [
              {
                "auto_recovery": "default"
              }
            ],
            "metadata_options": [
              {
                "http_endpoint": "enabled",
                "http_protocol_ipv6": "disabled",
                "http_put_response_hop_limit": 1,
                "http_tokens": "optional",
                "instance_metadata_tags": "disabled"
              }
            ],
            "monitoring": false,
            "network_interface": [],
            "outpost_arn": "",
            "password_data": "",
            "placement_group": "",
            "placement_partition_number": 0,
            "primary_network_interface_id": "eni-05e28e6b484672615",
            "private_dns": "ip-10-0-1-245.ec2.internal",
            "private_dns_name_options": [
              {
                "enable_resource_name_dns_a_record": false,
                "enable_resource_name_dns_aaaa_record": false,
                "hostname_type": "ip-name"
              }
            ],
            "private_ip": "10.0.1.245",
            "public_dns": "ec2-44-198-50-120.compute-1.amazonaws.com",
            "public_ip": "44.198.50.120",
            "root_block_device": [
              {
                "delete_on_termination": true,
                "device_name": "/dev/sda1",
                "encrypted": false,
                "iops": 100,
                "kms_key_id": "",
                "tags": {},
                "tags_all": {},
                "throughput": 0,
                "volume_id": "vol-0e6fcfd6c01c8e605",
                "volume_size": 8,
                "volume_type": "gp2"
              }
            ],
            "secondary_private_ips": [],
            "security_groups": [],
            "source_dest_check": true,
            "spot_instance_request_id": "",
            "subnet_id": "subnet-0329fe64ef14bb6f2",
            "tags": {
              "Name": "acme-prod-us-east-1-worker-2",
              "Role": "worker"
            },
            "tags_all": {
              "Name": "acme-prod-us-east-1-worker-2",
              "Role": "worker"
            },
            "tenancy": "default",
            "timeouts": null,
            "user_data": "672377471578f390cac9ccf7df5db1d24b6a3b8d",
            "user_data_base64": null,
            "user_data_replace_on_change": false,
            "volume_tags": null,
            "vpc_security_group_ids": [
              "sg-06fe20adb71963cd5"
            ]
          },
          "sensitive_attributes": [
            [
              {
                "type": "get_attr",
                "value": "user_data"
              }
            ]
          ],
          "identity_schema_version": 0,
          "private": "eyJlMmJmYjczMC1lY2FhLTExZTYtOGY4OC0zNDM2M2JjN2M0YzAiOnsiY3JlYXRlIjo2MDAwMDAwMDAwMDAsImRlbGV0ZSI6MTIwMDAwMDAwMDAwMCwicmVhZCI6OTAwMDAwMDAwMDAwLCJ1cGRhdGUiOjYwMDAwMDAwMDAwMH0sInNjaGVtYV92ZXJzaW9uIjoiMSJ9",
          "dependencies": [
            "data.aws_ami.ubuntu",
            "module.network.aws_security_group.web",
            "module.network.aws_subnet.public",
            "module.network.aws_vpc.this"
          ]
        }
      ]
    },
    {
      "module": "module.monitoring",
      "mode": "managed",
      "type": "aws_cloudwatch_metric_alarm",
      "name": "cpu_high",
      "provider": "provider[\"registry.terraform.io/hashicorp/aws\"]",
      "instances": [
        {
          "index_key": 0,
          "schema_version": 1,
          "attributes": {
            "actions_enabled": true,
            "alarm_actions": [],
            "alarm_description": "High CPU utilization detected",
            "alarm_name": "acme-prod-us-east-1-cpu-alarm-01",
            "arn": "arn:aws:cloudwatch:us-east-1:820772009901:alarm:acme-prod-us-east-1-cpu-alarm-01",
            "comparison_operator": "GreaterThanThreshold",
            "datapoints_to_alarm": 0,
            "dimensions": {
              "InstanceId": "i-04890693b43d7c6d6"
            },
            "evaluate_low_sample_count_percentiles": "",
            "evaluation_periods": 2,
            "extended_statistic": "",
            "id": "acme-prod-us-east-1-cpu-alarm-01",
            "insufficient_data_actions": [],
            "metric_name": "CPUUtilization",
            "metric_query": [],
            "namespace": "AWS/EC2",
            "ok_actions": [],
            "period": 300,
            "statistic": "Average",
            "tags": {},
            "tags_all": {},
            "threshold": 80,
            "threshold_metric_id": "",
            "treat_missing_data": "missing",
            "unit": ""
          },
          "sensitive_attributes": [],
          "identity_schema_version": 0,
          "private": "eyJzY2hlbWFfdmVyc2lvbiI6IjEifQ==",
          "dependencies": [
            "data.aws_ami.ubuntu",
            "module.compute.aws_instance.master",
            "module.compute.aws_instance.worker",
            "module.network.aws_security_group.web",
            "module.network.aws_subnet.public",
            "module.network.aws_vpc.this"
          ]
        },
        {
          "index_key": 1,
          "schema_version": 1,
          "attributes": {
            "actions_enabled": true,
            "alarm_actions": [],
            "alarm_description": "High CPU utilization detected",
            "alarm_name": "acme-prod-us-east-1-cpu-alarm-02",
            "arn": "arn:aws:cloudwatch:us-east-1:820772009901:alarm:acme-prod-us-east-1-cpu-alarm-02",
            "comparison_operator": "GreaterThanThreshold",
            "datapoints_to_alarm": 0,
            "dimensions": {
              "InstanceId": "i-0d51113412a5967a0"
            },
            "evaluate_low_sample_count_percentiles": "",
            "evaluation_periods": 2,
            "extended_statistic": "",
            "id": "acme-prod-us-east-1-cpu-alarm-02",
            "insufficient_data_actions": [],
            "metric_name": "CPUUtilization",
            "metric_query": [],
            "namespace": "AWS/EC2",
            "ok_actions": [],
            "period": 300,
            "statistic": "Average",
            "tags": {},
            "tags_all": {},
            "threshold": 80,
            "threshold_metric_id": "",
            "treat_missing_data": "missing",
            "unit": ""
          },
          "sensitive_attributes": [],
          "identity_schema_version": 0,
          "private": "eyJzY2hlbWFfdmVyc2lvbiI6IjEifQ==",
          "dependencies": [
            "data.aws_ami.ubuntu",
            "module.compute.aws_instance.master",
            "module.compute.aws_instance.worker",
            "module.network.aws_security_group.web",
            "module.network.aws_subnet.public",
            "module.network.aws_vpc.this"
          ]
        },
        {
          "index_key": 2,
          "schema_version": 1,
          "attributes": {
            "actions_enabled": true,
            "alarm_actions": [],
            "alarm_description": "High CPU utilization detected",
            "alarm_name": "acme-prod-us-east-1-cpu-alarm-03",
            "arn": "arn:aws:cloudwatch:us-east-1:820772009901:alarm:acme-prod-us-east-1-cpu-alarm-03",
            "comparison_operator": "GreaterThanThreshold",
            "datapoints_to_alarm": 0,
            "dimensions": {
              "InstanceId": "i-0e7cd2b74ba83f9ab"
            },
            "evaluate_low_sample_count_percentiles": "",
            "evaluation_periods": 2,
            "extended_statistic": "",
            "id": "acme-prod-us-east-1-cpu-alarm-03",
            "insufficient_data_actions": [],
            "metric_name": "CPUUtilization",
            "metric_query": [],
            "namespace": "AWS/EC2",
            "ok_actions": [],
            "period": 300,
            "statistic": "Average",
            "tags": {},
            "tags_all": {},
            "threshold": 80,
            "threshold_metric_id": "",
            "treat_missing_data": "missing",
            "unit": ""
          },
          "sensitive_attributes": [],
          "identity_schema_version": 0,
          "private": "eyJzY2hlbWFfdmVyc2lvbiI6IjEifQ==",
          "dependencies": [
            "data.aws_ami.ubuntu",
            "module.compute.aws_instance.master",
            "module.compute.aws_instance.worker",
            "module.network.aws_security_group.web",
            "module.network.aws_subnet.public",
            "module.network.aws_vpc.this"
          ]
        }
      ]
    },
    {
      "module": "module.network",
      "mode": "managed",
      "type": "aws_internet_gateway",
      "name": "this",
      "provider": "provider[\"registry.terraform.io/hashicorp/aws\"]",
      "instances": [
        {
          "schema_version": 0,
          "attributes": {
            "arn": "arn:aws:ec2:us-east-1:820772009901:internet-gateway/igw-0819dcdbeaf4c9d6d",
            "id": "igw-0819dcdbeaf4c9d6d",
            "owner_id": "820772009901",
            "tags": {
              "Name": "acme-prod-us-east-1-igw"
            },
            "tags_all": {
              "Name": "acme-prod-us-east-1-igw"
            },
            "timeouts": null,
            "vpc_id": "vpc-071aaaced8bf11b1f"
          },
          "sensitive_attributes": [],
          "identity_schema_version": 0,
          "private": "eyJlMmJmYjczMC1lY2FhLTExZTYtOGY4OC0zNDM2M2JjN2M0YzAiOnsiY3JlYXRlIjoxMjAwMDAwMDAwMDAwLCJkZWxldGUiOjEyMDAwMDAwMDAwMDAsInVwZGF0ZSI6MTIwMDAwMDAwMDAwMH19",
          "dependencies": [
            "module.network.aws_vpc.this"
          ]
        }
      ]
    },
    {
      "module": "module.network",
      "mode": "managed",
      "type": "aws_route_table",
      "name": "public",
      "provider": "provider[\"registry.terraform.io/hashicorp/aws\"]",
      "instances": [
        {
          "schema_version": 0,
          "attributes": {
            "arn": "arn:aws:ec2:us-east-1:820772009901:route-table/rtb-062710f5927d2fe19",
            "id": "rtb-062710f5927d2fe19",
            "owner_id": "820772009901",
            "propagating_vgws": [],
            "route": [
              {
                "carrier_gateway_id": "",
                "cidr_block": "0.0.0.0/0",
                "core_network_arn": "",
                "destination_prefix_list_id": "",
                "egress_only_gateway_id": "",
                "gateway_id": "igw-0819dcdbeaf4c9d6d",
                "ipv6_cidr_block": "",
                "local_gateway_id": "",
                "nat_gateway_id": "",
                "network_interface_id": "",
                "transit_gateway_id": "",
                "vpc_endpoint_id": "",
                "vpc_peering_connection_id": ""
              }
            ],
            "tags": {
              "Name": "acme-prod-us-east-1-public-rt"
            },
            "tags_all": {
              "Name": "acme-prod-us-east-1-public-rt"
            },
            "timeouts": null,
            "vpc_id": "vpc-071aaaced8bf11b1f"
          },
          "sensitive_attributes": [],
          "identity_schema_version": 0,
          "private": "eyJlMmJmYjczMC1lY2FhLTExZTYtOGY4OC0zNDM2M2JjN2M0YzAiOnsiY3JlYXRlIjozMDAwMDAwMDAwMDAsImRlbGV0ZSI6MzAwMDAwMDAwMDAwLCJ1cGRhdGUiOjEyMDAwMDAwMDAwMH19",
          "dependencies": [
            "module.network.aws_internet_gateway.this",
            "module.network.aws_vpc.this"
          ]
        }
      ]
    },
    {
      "module": "module.network",
      "mode": "managed",
      "type": "aws_route_table_association",
      "name": "public",
      "provider": "provider[\"registry.terraform.io/hashicorp/aws\"]",
      "instances": [
        {
          "schema_version": 0,
          "attributes": {
            "gateway_id": "",
            "id": "rtbassoc-0a989cd575ef486f4",
            "route_table_id": "rtb-062710f5927d2fe19",
            "subnet_id": "subnet-0329fe64ef14bb6f2",
            "timeouts": null
          },
          "sensitive_attributes": [],
          "identity_schema_version": 0,
          "private": "eyJlMmJmYjczMC1lY2FhLTExZTYtOGY4OC0zNDM2M2JjN2M0YzAiOnsiY3JlYXRlIjozMDAwMDAwMDAwMDAsImRlbGV0ZSI6MzAwMDAwMDAwMDAwLCJ1cGRhdGUiOjEyMDAwMDAwMDAwMH19",
          "dependencies": [
            "module.network.aws_internet_gateway.this",
            "module.network.aws_route_table.public",
            "module.network.aws_subnet.public",
            "module.network.aws_vpc.this"
          ]
        }
      ]
    },
    {
      "module": "module.network",
      "mode": "managed",
      "type": "aws_security_group",
      "name": "web",
      "provider": "provider[\"registry.terraform.io/hashicorp/aws\"]",
      "instances": [
        {
          "schema_version": 1,
          "attributes": {
            "arn": "arn:aws:ec2:us-east-1:820772009901:security-group/sg-06fe20adb71963cd5",
            "description": "Managed by Terraform",
            "egress": [
              {
                "cidr_blocks": [
                  "0.0.0.0/0"
                ],
                "description": "",
                "from_port": 0,
                "ipv6_cidr_blocks": [],
                "prefix_list_ids": [],
                "protocol": "-1",
                "security_groups": [],
                "self": false,
                "to_port": 0
              }
            ],
            "id": "sg-06fe20adb71963cd5",
            "ingress": [
              {
                "cidr_blocks": [
                  "0.0.0.0/0"
                ],
                "description": "",
                "from_port": 10250,
                "ipv6_cidr_blocks": [],
                "prefix_list_ids": [],
                "protocol": "tcp",
                "security_groups": [],
                "self": false,
                "to_port": 10250
              },
              {
                "cidr_blocks": [
                  "0.0.0.0/0"
                ],
                "description": "",
                "from_port": 22,
                "ipv6_cidr_blocks": [],
                "prefix_list_ids": [],
                "protocol": "tcp",
                "security_groups": [],
                "self": false,
                "to_port": 22
              },
              {
                "cidr_blocks": [
                  "0.0.0.0/0"
                ],
                "description": "",
                "from_port": 30000,
                "ipv6_cidr_blocks": [],
                "prefix_list_ids": [],
                "protocol": "tcp",
                "security_groups": [],
                "self": false,
                "to_port": 32767
              },
              {
                "cidr_blocks": [
                  "0.0.0.0/0"
                ],
                "description": "",
                "from_port": 6443,
                "ipv6_cidr_blocks": [],
                "prefix_list_ids": [],
                "protocol": "tcp",
                "security_groups": [],
                "self": false,
                "to_port": 6443
              },
              {
                "cidr_blocks": [
                  "0.0.0.0/0"
                ],
                "description": "",
                "from_port": 80,
                "ipv6_cidr_blocks": [],
                "prefix_list_ids": [],
                "protocol": "tcp",
                "security_groups": [],
                "self": false,
                "to_port": 80
              },
              {
                "cidr_blocks": [
                  "10.0.0.0/16"
                ],
                "description": "",
                "from_port": 10251,
                "ipv6_cidr_blocks": [],
                "prefix_list_ids": [],
                "protocol": "tcp",
                "security_groups": [],
                "self": false,
                "to_port": 10252
              },
              {
                "cidr_blocks": [
                  "10.0.0.0/16"
                ],
                "description": "",
                "from_port": 2379,
                "ipv6_cidr_blocks": [],
                "prefix_list_ids": [],
                "protocol": "tcp",
                "security_groups": [],
                "self": false,
                "to_port": 2380
              }
            ],
            "name": "acme-prod-us-east-1-web-sg",
            "name_prefix": "",
            "owner_id": "820772009901",
            "revoke_rules_on_delete": false,
            "tags": {},
            "tags_all": {},
            "timeouts": null,
            "vpc_id": "vpc-071aaaced8bf11b1f"
          },
          "sensitive_attributes": [],
          "identity_schema_version": 0,
          "private": "eyJlMmJmYjczMC1lY2FhLTExZTYtOGY4OC0zNDM2M2JjN2M0YzAiOnsiY3JlYXRlIjo2MDAwMDAwMDAwMDAsImRlbGV0ZSI6OTAwMDAwMDAwMDAwfSwic2NoZW1hX3ZlcnNpb24iOiIxIn0=",
          "dependencies": [
            "module.network.aws_vpc.this"
          ]
        }
      ]
    },
    {
      "module": "module.network",
      "mode": "managed",
      "type": "aws_subnet",
      "name": "public",
      "provider": "provider[\"registry.terraform.io/hashicorp/aws\"]",
      "instances": [
        {
          "schema_version": 1,
          "attributes": {
            "arn": "arn:aws:ec2:us-east-1:820772009901:subnet/subnet-0329fe64ef14bb6f2",
            "assign_ipv6_address_on_creation": false,
            "availability_zone": "us-east-1a",
            "availability_zone_id": "use1-az1",
            "cidr_block": "10.0.1.0/24",
            "customer_owned_ipv4_pool": "",
            "enable_dns64": false,
            "enable_lni_at_device_index": 0,
            "enable_resource_name_dns_a_record_on_launch": false,
            "enable_resource_name_dns_aaaa_record_on_launch": false,
            "id": "subnet-0329fe64ef14bb6f2",
            "ipv6_cidr_block": "",
            "ipv6_cidr_block_association_id": "",
            "ipv6_native": false,
            "map_customer_owned_ip_on_launch": false,
            "map_public_ip_on_launch": true,
            "outpost_arn": "",
            "owner_id": "820772009901",
            "private_dns_hostname_type_on_launch": "ip-name",
            "tags": {
              "Name": "acme-prod-us-east-1-public-us-east-1a"
            },
            "tags_all": {
              "Name": "acme-prod-us-east-1-public-us-east-1a"
            },
            "timeouts": null,
            "vpc_id": "vpc-071aaaced8bf11b1f"
          },
          "sensitive_attributes": [],
          "identity_schema_version": 0,
          "private": "eyJlMmJmYjczMC1lY2FhLTExZTYtOGY4OC0zNDM2M2JjN2M0YzAiOnsiY3JlYXRlIjo2MDAwMDAwMDAwMDAsImRlbGV0ZSI6MTIwMDAwMDAwMDAwMH0sInNjaGVtYV92ZXJzaW9uIjoiMSJ9",
          "dependencies": [
            "module.network.aws_vpc.this"
          ]
        }
      ]
    },
    {
      "module": "module.network",
      "mode": "managed",
      "type": "aws_vpc",
      "name": "this",
      "provider": "provider[\"registry.terraform.io/hashicorp/aws\"]",
      "instances": [
        {
          "schema_version": 1,
          "attributes": {
            "arn": "arn:aws:ec2:us-east-1:820772009901:vpc/vpc-071aaaced8bf11b1f",
            "assign_generated_ipv6_cidr_block": false,
            "cidr_block": "10.0.0.0/16",
            "default_network_acl_id": "acl-0608b94d5bb8779c1",
            "default_route_table_id": "rtb-064e954fe7171456d",
            "default_security_group_id": "sg-0cf159ad3eb6b4c55",
            "dhcp_options_id": "dopt-0e11e8849a48313fe",
            "enable_dns_hostnames": true,
            "enable_dns_support": true,
            "enable_network_address_usage_metrics": false,
            "id": "vpc-071aaaced8bf11b1f",
            "instance_tenancy": "default",
            "ipv4_ipam_pool_id": null,
            "ipv4_netmask_length": null,
            "ipv6_association_id": "",
            "ipv6_cidr_block": "",
            "ipv6_cidr_block_network_border_group": "",
            "ipv6_ipam_pool_id": "",
            "ipv6_netmask_length": 0,
            "main_route_table_id": "rtb-064e954fe7171456d",
            "owner_id": "820772009901",
            "tags": {
              "Name": "acme-prod-us-east-1-vpc"
            },
            "tags_all": {
              "Name": "acme-prod-us-east-1-vpc"
            }
          },
          "sensitive_attributes": [],
          "identity_schema_version": 0,
          "private": "eyJzY2hlbWFfdmVyc2lvbiI6IjEifQ=="
        }
      ]
    }
  ],
  "check_results": null
}
